
Microsoft Visual Studio Solution File, Format Version 12.00
# Visual Studio Version 16
VisualStudioVersion = 16.0.31702.278
MinimumVisualStudioVersion = 10.0.40219.1
Project("{9A19103F-16F7-4668-BE54-9A1E7A4F7556}") = "JobManager.API", "JobManager.API\JobManager.API.csproj", "{C2A9A013-611D-459D-86E4-2AF573F19FF0}"
EndProject
Project("{FAE04EC0-301F-11D3-BF4B-00C04F79EFBC}") = "JobManager.Data", "JobManager.Data\JobManager.Data.csproj", "{DD1D7124-0A89-4305-8081-BA53DA2B373C}"
EndProject
Project("{FAE04EC0-301F-11D3-BF4B-00C04F79EFBC}") = "JobManager.Core", "JobManager.Core\JobManager.Core.csproj", "{472635D1-C5A9-4B91-A107-0CDADF450A08}"
EndProject
Project("{FAE04EC0-301F-11D3-BF4B-00C04F79EFBC}") = "JobManager.Services", "JobManager.Services\JobManager.Services.csproj", "{752D2B95-6A55-415B-8D52-8D888C903F3F}"
EndProject
Global
	GlobalSection(SolutionConfigurationPlatforms) = preSolution
		Debug|Any CPU = Debug|Any CPU
		Release|Any CPU = Release|Any CPU
	EndGlobalSection
	GlobalSection(ProjectConfigurationPlatforms) = postSolution
		{C2A9A013-611D-459D-86E4-2AF573F19FF0}.Debug|Any CPU.ActiveCfg = Debug|Any CPU
		{C2A9A013-611D-459D-86E4-2AF573F19FF0}.Debug|Any CPU.Build.0 = Debug|Any CPU
		{C2A9A013-611D-459D-86E4-2AF573F19FF0}.Release|Any CPU.ActiveCfg = Release|Any CPU
		{C2A9A013-611D-459D-86E4-2AF573F19FF0}.Release|Any CPU.Build.0 = Release|Any CPU
		{DD1D7124-0A89-4305-8081-BA53DA2B373C}.Debug|Any CPU.ActiveCfg = Debug|Any CPU
		{DD1D7124-0A89-4305-8081-BA53DA2B373C}.Debug|Any CPU.Build.0 = Debug|Any CPU
		{DD1D7124-0A89-4305-8081-BA53DA2B373C}.Release|Any CPU.ActiveCfg = Release|Any CPU
		{DD1D7124-0A89-4305-8081-BA53DA2B373C}.Release|Any CPU.Build.0 = Release|Any CPU
		{472635D1-C5A9-4B91-A107-0CDADF450A08}.Debug|Any CPU.ActiveCfg = Debug|Any CPU
		{472635D1-C5A9-4B91-A107-0CDADF450A08}.Debug|Any CPU.Build.0 = Debug|Any CPU
		{472635D1-C5A9-4B91-A107-0CDADF450A08}.Release|Any CPU.ActiveCfg = Release|Any CPU
		{472635D1-C5A9-4B91-A107-0CDADF450A08}.Release|Any CPU.Build.0 = Release|Any CPU
		{752D2B95-6A55-415B-8D52-8D888C903F3F}.Debug|Any CPU.ActiveCfg = Debug|Any CPU
		{752D2B95-6A55-415B-8D52-8D888C903F3F}.Debug|Any CPU.Build.0 = Debug|Any CPU
		{752D2B95-6A55-415B-8D52-8D888C903F3F}.Release|Any CPU.ActiveCfg = Release|Any CPU
		{752D2B95-6A55-415B-8D52-8D888C903F3F}.Release|Any CPU.Build.0 = Release|Any CPU
	EndGlobalSection
	GlobalSection(SolutionProperties) = preSolution
		HideSolutionNode = FALSE
	EndGlobalSection
	GlobalSection(ExtensibilityGlobals) = postSolution
		SolutionGuid = {6DBF9471-28E4-4EBF-B204-EF19E395B4EB}
	EndGlobalSection
EndGlobal
